{
  "name": "wxYunKaiFa",
  "lockfileVersion": 2,
  "requires": true,
  "packages": {
    "": {
      "dependencies": {
        "weui-miniprogram": "^1.2.4"
      }
    },
    "node_modules/weui-miniprogram": {
      "version": "1.2.4",
      "resolved": "https://registry.npmmirror.com/weui-miniprogram/-/weui-miniprogram-1.2.4.tgz",
      "integrity": "sha512-AB/gGPgTJJ0vHxQQNfAwxK4JPjwV+BNGgKSxD7qyI2tLgAfZFqFyx7fPJkfOBYTYJdg38ZPA78YHIgYTyWuGEA=="
    }
  },
  "dependencies": {
    "weui-miniprogram": {
      "version": "1.2.4",
      "resolved": "https://registry.npmmirror.com/weui-miniprogram/-/weui-miniprogram-1.2.4.tgz",
      "integrity": "sha512-AB/gGPgTJJ0vHxQQNfAwxK4JPjwV+BNGgKSxD7qyI2tLgAfZFqFyx7fPJkfOBYTYJdg38ZPA78YHIgYTyWuGEA=="
    }
  }
}
